<?xml version="1.0" encoding="utf-8"?>
<Project ToolsVersion="4.0" xmlns="http://schemas.microsoft.com/developer/msbuild/2003">
  <ItemGroup>
    <Filter Include="Source Files">
      <UniqueIdentifier>{4FC737F1-C7A5-4376-A066-2A32D752A2FF}</UniqueIdentifier>
      <Extensions>cpp;c;cc;cxx;c++;cppm;ixx;def;odl;idl;hpj;bat;asm;asmx</Extensions>
    </Filter>
    <Filter Include="Header Files">
      <UniqueIdentifier>{93995380-89BD-4b04-88EB-625FBE52EBFB}</UniqueIdentifier>
      <Extensions>h;hh;hpp;hxx;h++;hm;inl;inc;ipp;xsd</Extensions>
    </Filter>
    <Filter Include="Resource Files">
      <UniqueIdentifier>{67DA6AB6-F800-4c08-8B7A-83BB121AAD01}</UniqueIdentifier>
      <Extensions>rc;ico;cur;bmp;dlg;rc2;rct;bin;rgs;gif;jpg;jpeg;jpe;resx;tiff;tif;png;wav;mfcribbon-ms</Extensions>
    </Filter>
  </ItemGroup>
  <ItemGroup>
    <ClCompile Include="src\Log.cpp">
      <Filter>Source Files</Filter>
    </ClCompile>
    <ClCompile Include="src\Render\Rect.cpp">
      <Filter>Source Files</Filter>
    </ClCompile>
    <ClCompile Include="src\main.cpp">
      <Filter>Source Files</Filter>
    </ClCompile>
    <ClCompile Include="src\pch.cpp">
      <Filter>Source Files</Filter>
    </ClCompile>
    <ClCompile Include="src\Render\WindowGLContext.cpp">
      <Filter>Source Files</Filter>
    </ClCompile>
    <ClCompile Include="src\Render\ShaderProgram.cpp">
      <Filter>Source Files</Filter>
    </ClCompile>
    <ClCompile Include="src\Tools\Files.cpp">
      <Filter>Source Files</Filter>
    </ClCompile>
    <ClCompile Include="src\Render\Buffer.cpp">
      <Filter>Source Files</Filter>
    </ClCompile>
    <ClCompile Include="src\Render\Vertex.cpp">
      <Filter>Source Files</Filter>
    </ClCompile>
    <ClCompile Include="src\Render\VertexArray.cpp">
      <Filter>Source Files</Filter>
    </ClCompile>
    <ClCompile Include="src\stb_impl.cpp">
      <Filter>Source Files</Filter>
    </ClCompile>
    <ClCompile Include="src\Render\Texture.cpp">
      <Filter>Source Files</Filter>
    </ClCompile>
    <ClCompile Include="src\Render\Transform.cpp">
      <Filter>Source Files</Filter>
    </ClCompile>
    <ClCompile Include="src\Render\Camera.cpp">
      <Filter>Source Files</Filter>
    </ClCompile>
    <ClCompile Include="src\Tools\Print.cpp">
      <Filter>Source Files</Filter>
    </ClCompile>
    <ClCompile Include="src\Timing.cpp">
      <Filter>Source Files</Filter>
    </ClCompile>
    <ClCompile Include="src\ECS\Entity.cpp">
      <Filter>Source Files</Filter>
    </ClCompile>
    <ClCompile Include="src\ECS\System.cpp">
      <Filter>Source Files</Filter>
    </ClCompile>
    <ClCompile Include="src\ECS\Scene.cpp">
      <Filter>Source Files</Filter>
    </ClCompile>
    <ClCompile Include="src\TypeId.cpp">
      <Filter>Source Files</Filter>
    </ClCompile>
    <ClCompile Include="src\Signals.cpp">
      <Filter>Source Files</Filter>
    </ClCompile>
    <ClCompile Include="src\Input\ButtonInput.cpp">
      <Filter>Source Files</Filter>
    </ClCompile>
    <ClCompile Include="src\Input\PointingInput.cpp">
      <Filter>Source Files</Filter>
    </ClCompile>
    <ClCompile Include="src\Input\WheelInput.cpp">
      <Filter>Source Files</Filter>
    </ClCompile>
    <ClCompile Include="src\Input\TextualInput.cpp">
      <Filter>Source Files</Filter>
    </ClCompile>
    <ClCompile Include="src\Input\DirectionalInput.cpp">
      <Filter>Source Files</Filter>
    </ClCompile>
    <ClCompile Include="src\Input\iInput.cpp">
      <Filter>Source Files</Filter>
    </ClCompile>
    <ClCompile Include="src\Tools\Toolbox.cpp">
      <Filter>Source Files</Filter>
    </ClCompile>
    <ClCompile Include="src\Input\InputHelpers.cpp">
      <Filter>Source Files</Filter>
    </ClCompile>
    <ClCompile Include="src\Input\InputMap.cpp">
      <Filter>Source Files</Filter>
    </ClCompile>
    <ClCompile Include="src\Render\BatchRenderer.cpp">
      <Filter>Source Files</Filter>
    </ClCompile>
    <ClCompile Include="src\Tests\SignalTest.cpp">
      <Filter>Source Files</Filter>
    </ClCompile>
    <ClCompile Include="src\Tests\EnttTest.cpp">
      <Filter>Source Files</Filter>
    </ClCompile>
    <ClCompile Include="src\Tests\ToolboxTest.cpp">
      <Filter>Source Files</Filter>
    </ClCompile>
    <ClCompile Include="src\Tests\UniformBlockTest.cpp">
      <Filter>Source Files</Filter>
    </ClCompile>
    <ClCompile Include="src\Tests\BillboardTest.cpp">
      <Filter>Source Files</Filter>
    </ClCompile>
    <ClCompile Include="src\Tests\BatchRendererTest.cpp">
      <Filter>Source Files</Filter>
    </ClCompile>
    <ClCompile Include="src\Tests\TextureUnitTest.cpp">
      <Filter>Source Files</Filter>
    </ClCompile>
  </ItemGroup>
  <ItemGroup>
    <ClInclude Include="src\Vec.h">
      <Filter>Header Files</Filter>
    </ClInclude>
    <ClInclude Include="src\Render\Color.h">
      <Filter>Header Files</Filter>
    </ClInclude>
    <ClInclude Include="src\Log.h">
      <Filter>Header Files</Filter>
    </ClInclude>
    <ClInclude Include="src\Render\Rect.h">
      <Filter>Header Files</Filter>
    </ClInclude>
    <ClInclude Include="src\pch.h">
      <Filter>Header Files</Filter>
    </ClInclude>
    <ClInclude Include="src\Render\WindowGLContext.h">
      <Filter>Header Files</Filter>
    </ClInclude>
    <ClInclude Include="src\std_macros.h">
      <Filter>Source Files</Filter>
    </ClInclude>
    <ClInclude Include="src\Render\ShaderProgram.h">
      <Filter>Header Files</Filter>
    </ClInclude>
    <ClInclude Include="src\Tools\Files.h">
      <Filter>Header Files</Filter>
    </ClInclude>
    <ClInclude Include="src\Render\Buffer.h">
      <Filter>Header Files</Filter>
    </ClInclude>
    <ClInclude Include="src\Render\Vertex.h">
      <Filter>Header Files</Filter>
    </ClInclude>
    <ClInclude Include="src\Render\VertexArray.h">
      <Filter>Header Files</Filter>
    </ClInclude>
    <ClInclude Include="src\Render\Texture.h">
      <Filter>Header Files</Filter>
    </ClInclude>
    <ClInclude Include="src\Render\Transform.h">
      <Filter>Header Files</Filter>
    </ClInclude>
    <ClInclude Include="src\Render\Camera.h">
      <Filter>Header Files</Filter>
    </ClInclude>
    <ClInclude Include="src\Tools\Print.h">
      <Filter>Header Files</Filter>
    </ClInclude>
    <ClInclude Include="src\Timing.h">
      <Filter>Header Files</Filter>
    </ClInclude>
    <ClInclude Include="src\ECS\Entity.h">
      <Filter>Header Files</Filter>
    </ClInclude>
    <ClInclude Include="src\ECS\System.h">
      <Filter>Header Files</Filter>
    </ClInclude>
    <ClInclude Include="src\ECS\Scene.h">
      <Filter>Header Files</Filter>
    </ClInclude>
    <ClInclude Include="src\TypeId.h">
      <Filter>Header Files</Filter>
    </ClInclude>
    <ClInclude Include="src\entt_macros.h">
      <Filter>Header Files</Filter>
    </ClInclude>
    <ClInclude Include="src\Signals.h">
      <Filter>Header Files</Filter>
    </ClInclude>
    <ClInclude Include="src\Input\DirectionalInput.h">
      <Filter>Header Files</Filter>
    </ClInclude>
    <ClInclude Include="src\Input\PointingInput.h">
      <Filter>Header Files</Filter>
    </ClInclude>
    <ClInclude Include="src\Input\iInput.h">
      <Filter>Header Files</Filter>
    </ClInclude>
    <ClInclude Include="src\Input\ButtonInput.h">
      <Filter>Header Files</Filter>
    </ClInclude>
    <ClInclude Include="src\Input\WheelInput.h">
      <Filter>Header Files</Filter>
    </ClInclude>
    <ClInclude Include="src\Input\TextualInput.h">
      <Filter>Header Files</Filter>
    </ClInclude>
    <ClInclude Include="src\Input\InputHelpers.h">
      <Filter>Header Files</Filter>
    </ClInclude>
    <ClInclude Include="src\Tools\Toolbox.h">
      <Filter>Header Files</Filter>
    </ClInclude>
    <ClInclude Include="src\Input\InputMap.h">
      <Filter>Header Files</Filter>
    </ClInclude>
    <ClInclude Include="src\Render\BatchRenderer.h">
      <Filter>Header Files</Filter>
    </ClInclude>
    <ClInclude Include="src\Tests\SignalTest.h">
      <Filter>Header Files</Filter>
    </ClInclude>
    <ClInclude Include="src\Tests\EnttTest.h">
      <Filter>Header Files</Filter>
    </ClInclude>
    <ClInclude Include="src\Tests\ToolboxTest.h">
      <Filter>Header Files</Filter>
    </ClInclude>
    <ClInclude Include="src\Tests\UniformBlockTest.h">
      <Filter>Header Files</Filter>
    </ClInclude>
    <ClInclude Include="src\Tests\BillboardTest.h">
      <Filter>Header Files</Filter>
    </ClInclude>
    <ClInclude Include="src\Tests\BatchRendererTest.h">
      <Filter>Header Files</Filter>
    </ClInclude>
    <ClInclude Include="src\Tests\TextureUnitTest.h">
      <Filter>Header Files</Filter>
    </ClInclude>
    <ClInclude Include="src\Render.h">
      <Filter>Header Files</Filter>
    </ClInclude>
  </ItemGroup>
  <ItemGroup>
    <None Include="src\Render\Rect.tpp" />
    <None Include="src\Vec.tpp" />
    <None Include="assets\shaders\texture.frag" />
    <None Include="assets\shaders\position_color.vert" />
    <None Include="assets\shaders\color.frag" />
    <None Include="assets\shaders\position_texture.vert" />
    <None Include="assets\shaders\position_texture_transform.vert" />
    <None Include="assets\shaders\model_view_projection.vert" />
    <None Include="assets\shaders\billboard.vert" />
    <None Include="src\Timing.tpp" />
    <None Include="src\Render\Transform.tpp" />
    <None Include="src\Signals.tpp" />
    <None Include="src\Tools\Toolbox.tpp" />
    <None Include="assets\shaders\batch_renderer.vert" />
    <None Include="assets\shaders\batch_renderer.frag" />
    <None Include="assets\shaders\uniform_buffer_test.vert" />
    <None Include="assets\shaders\uniform_buffer_test.frag" />
    <None Include="assets\shaders\ubt.vert" />
    <None Include="assets\shaders\ubt.frag" />
    <None Include="assets\shaders\texture_unit.vert" />
    <None Include="assets\shaders\texture_unit.frag" />
  </ItemGroup>
  <ItemGroup>
    <Text Include="known_issues.txt" />
  </ItemGroup>
</Project>