<?xml version="1.0" encoding="utf-8"?>
<Project ToolsVersion="4.0" xmlns="http://schemas.microsoft.com/developer/msbuild/2003">
  <ItemGroup>
    <Filter Include="Source Files">
      <UniqueIdentifier>{4FC737F1-C7A5-4376-A066-2A32D752A2FF}</UniqueIdentifier>
      <Extensions>cpp;c;cc;cxx;c++;cppm;ixx;def;odl;idl;hpj;bat;asm;asmx</Extensions>
    </Filter>
    <Filter Include="Header Files">
      <UniqueIdentifier>{93995380-89BD-4b04-88EB-625FBE52EBFB}</UniqueIdentifier>
      <Extensions>h;hh;hpp;hxx;h++;hm;inl;inc;ipp;xsd</Extensions>
    </Filter>
    <Filter Include="Resource Files">
      <UniqueIdentifier>{67DA6AB6-F800-4c08-8B7A-83BB121AAD01}</UniqueIdentifier>
      <Extensions>rc;ico;cur;bmp;dlg;rc2;rct;bin;rgs;gif;jpg;jpeg;jpe;resx;tiff;tif;png;wav;mfcribbon-ms</Extensions>
    </Filter>
  </ItemGroup>
  <ItemGroup>
    <ClCompile Include="src\Tests\SignalTest.cpp">
      <Filter>Source Files</Filter>
    </ClCompile>
    <ClCompile Include="src\Tests\BatchRendererTest.cpp">
      <Filter>Source Files</Filter>
    </ClCompile>
    <ClCompile Include="src\Tests\BillboardTest.cpp">
      <Filter>Source Files</Filter>
    </ClCompile>
    <ClCompile Include="src\Tests\EnttTest.cpp">
      <Filter>Source Files</Filter>
    </ClCompile>
    <ClCompile Include="src\Tests\TextureUnitTest.cpp">
      <Filter>Source Files</Filter>
    </ClCompile>
    <ClCompile Include="src\Tests\ThreadTest.cpp">
      <Filter>Source Files</Filter>
    </ClCompile>
    <ClCompile Include="src\Tests\ToolboxTest.cpp">
      <Filter>Source Files</Filter>
    </ClCompile>
    <ClCompile Include="src\Tests\UniformBlockTest.cpp">
      <Filter>Source Files</Filter>
    </ClCompile>
    <ClCompile Include="src\Tests\SystemTest.cpp">
      <Filter>Source Files</Filter>
    </ClCompile>
    <ClCompile Include="src\Tests\ImGuiTest.cpp">
      <Filter>Source Files</Filter>
    </ClCompile>
    <ClCompile Include="src\main.cpp">
      <Filter>Source Files</Filter>
    </ClCompile>
    <ClCompile Include="src\Tests\ImGuiSystemTest.cpp">
      <Filter>Source Files</Filter>
    </ClCompile>
    <ClCompile Include="src\Tests\EnttSpeedTest.cpp">
      <Filter>Source Files</Filter>
    </ClCompile>
    <ClCompile Include="src\Tests\ECSTest.cpp">
      <Filter>Source Files</Filter>
    </ClCompile>
    <ClCompile Include="src\Tests\ECSTest.h">
      <Filter>Source Files</Filter>
    </ClCompile>
    <ClCompile Include="src\Tests\RendererTest.cpp">
      <Filter>Source Files</Filter>
    </ClCompile>
    <ClCompile Include="src\Tests\FrameBufferTest.cpp">
      <Filter>Source Files</Filter>
    </ClCompile>
  </ItemGroup>
  <ItemGroup>
    <ClInclude Include="src\Tests\SignalTest.h">
      <Filter>Header Files</Filter>
    </ClInclude>
    <ClInclude Include="src\Tests\BatchRendererTest.h">
      <Filter>Header Files</Filter>
    </ClInclude>
    <ClInclude Include="src\Tests\BillboardTest.h">
      <Filter>Header Files</Filter>
    </ClInclude>
    <ClInclude Include="src\Tests\EnttTest.h">
      <Filter>Header Files</Filter>
    </ClInclude>
    <ClInclude Include="src\Tests\TextureUnitTest.h">
      <Filter>Header Files</Filter>
    </ClInclude>
    <ClInclude Include="src\Tests\ThreadTest.h">
      <Filter>Header Files</Filter>
    </ClInclude>
    <ClInclude Include="src\Tests\ToolboxTest.h">
      <Filter>Header Files</Filter>
    </ClInclude>
    <ClInclude Include="src\Tests\UniformBlockTest.h">
      <Filter>Header Files</Filter>
    </ClInclude>
    <ClInclude Include="src\Tests\SystemTest.h">
      <Filter>Header Files</Filter>
    </ClInclude>
    <ClInclude Include="src\Tests\ImGuiTest.h">
      <Filter>Header Files</Filter>
    </ClInclude>
    <ClInclude Include="src\Tests\ImGuiSystemTest.h">
      <Filter>Header Files</Filter>
    </ClInclude>
    <ClInclude Include="src\Tests\EnttSpeedTest.h">
      <Filter>Header Files</Filter>
    </ClInclude>
    <ClInclude Include="src\Tests\RendererDebug.h">
      <Filter>Header Files</Filter>
    </ClInclude>
    <ClInclude Include="src\Tests\RendererTest.h">
      <Filter>Header Files</Filter>
    </ClInclude>
    <ClInclude Include="src\Tests\FrameBufferTest.h">
      <Filter>Header Files</Filter>
    </ClInclude>
  </ItemGroup>
  <ItemGroup>
    <None Include="assets\shaders\batch_renderer.frag" />
    <None Include="assets\shaders\batch_renderer.vert" />
    <None Include="assets\shaders\billboard.vert" />
    <None Include="assets\shaders\color.frag" />
    <None Include="assets\shaders\model_view_projection.vert" />
    <None Include="assets\shaders\position_color.vert" />
    <None Include="assets\shaders\position_texture.vert" />
    <None Include="assets\shaders\position_texture_transform.vert" />
    <None Include="assets\shaders\texture.frag" />
    <None Include="assets\shaders\texture_unit.frag" />
    <None Include="assets\shaders\texture_unit.vert" />
    <None Include="assets\shaders\ubt.frag" />
    <None Include="assets\shaders\ubt.vert" />
    <None Include="assets\shaders\uniform_buffer_test.frag" />
    <None Include="assets\shaders\uniform_buffer_test.vert" />
    <None Include="assets\shaders\batch_renderer2.frag" />
    <None Include="assets\shaders\default_layer.frag" />
    <None Include="assets\shaders\default_layer.vert" />
    <None Include="assets\shaders\masked.frag" />
  </ItemGroup>
</Project>