
Microsoft Visual Studio Solution File, Format Version 12.00
# Visual Studio Version 17
VisualStudioVersion = 17.2.32519.379
MinimumVisualStudioVersion = 10.0.40219.1
Project("{8BC9CEB8-8B4A-11D0-8D11-00A0C91BC942}") = "Sandbox", "Sandbox\sandbox.vcxproj", "{2BF5F329-9550-470D-AC5B-1E0253C2BC20}"
EndProject
Project("{8BC9CEB8-8B4A-11D0-8D11-00A0C91BC942}") = "glad", "Sandbox\vendor\glad\glad.vcxproj", "{3A4323E7-9DE1-4F77-A00A-826ACB74F7C6}"
EndProject
Project("{8BC9CEB8-8B4A-11D0-8D11-00A0C91BC942}") = "SDL2", "Sandbox\vendor\SDL-2.26.4\VisualC\SDL\SDL.vcxproj", "{81CE8DAF-EBB2-4761-8E45-B71ABCCA8C68}"
EndProject
Project("{8BC9CEB8-8B4A-11D0-8D11-00A0C91BC942}") = "SDL2main", "Sandbox\vendor\SDL-2.26.4\VisualC\SDLmain\SDLmain.vcxproj", "{DA956FD3-E142-46F2-9DD5-C78BEBB56B7A}"
EndProject
Project("{8BC9CEB8-8B4A-11D0-8D11-00A0C91BC942}") = "box2d", "Sandbox\vendor\box2d-2.4.1\build\src\box2d.vcxproj", "{BCD408D3-7EFA-3DE0-9B06-3A415D8B30DD}"
EndProject
Project("{8BC9CEB8-8B4A-11D0-8D11-00A0C91BC942}") = "imgui", "Sandbox\vendor\imgui-1.89.4\imgui.vcxproj", "{43CDD619-957B-4008-AD23-6565263DD714}"
EndProject
Project("{8BC9CEB8-8B4A-11D0-8D11-00A0C91BC942}") = "Application", "Application\Application.vcxproj", "{E800A3DD-8BA2-4149-8C69-7185534FA75B}"
EndProject
Global
	GlobalSection(SolutionConfigurationPlatforms) = preSolution
		Debug|x64 = Debug|x64
		Debug|x86 = Debug|x86
		Distrib_Debug|x64 = Distrib_Debug|x64
		Distrib_Debug|x86 = Distrib_Debug|x86
		Distrib_Nolog|x64 = Distrib_Nolog|x64
		Distrib_Nolog|x86 = Distrib_Nolog|x86
		Distrib|x64 = Distrib|x64
		Distrib|x86 = Distrib|x86
		MinSizeRel|x64 = MinSizeRel|x64
		MinSizeRel|x86 = MinSizeRel|x86
		Release|x64 = Release|x64
		Release|x86 = Release|x86
		RelWithDebInfo|x64 = RelWithDebInfo|x64
		RelWithDebInfo|x86 = RelWithDebInfo|x86
	EndGlobalSection
	GlobalSection(ProjectConfigurationPlatforms) = postSolution
		{2BF5F329-9550-470D-AC5B-1E0253C2BC20}.Debug|x64.ActiveCfg = Debug|x64
		{2BF5F329-9550-470D-AC5B-1E0253C2BC20}.Debug|x64.Build.0 = Debug|x64
		{2BF5F329-9550-470D-AC5B-1E0253C2BC20}.Debug|x86.ActiveCfg = Debug|x64
		{2BF5F329-9550-470D-AC5B-1E0253C2BC20}.Debug|x86.Build.0 = Debug|x64
		{2BF5F329-9550-470D-AC5B-1E0253C2BC20}.Distrib_Debug|x64.ActiveCfg = Distrib_Debug|x64
		{2BF5F329-9550-470D-AC5B-1E0253C2BC20}.Distrib_Debug|x64.Build.0 = Distrib_Debug|x64
		{2BF5F329-9550-470D-AC5B-1E0253C2BC20}.Distrib_Debug|x86.ActiveCfg = Distrib_Debug|x64
		{2BF5F329-9550-470D-AC5B-1E0253C2BC20}.Distrib_Debug|x86.Build.0 = Distrib_Debug|x64
		{2BF5F329-9550-470D-AC5B-1E0253C2BC20}.Distrib_Nolog|x64.ActiveCfg = Distrib_Nolog|x64
		{2BF5F329-9550-470D-AC5B-1E0253C2BC20}.Distrib_Nolog|x64.Build.0 = Distrib_Nolog|x64
		{2BF5F329-9550-470D-AC5B-1E0253C2BC20}.Distrib_Nolog|x86.ActiveCfg = Distrib_Nolog|x64
		{2BF5F329-9550-470D-AC5B-1E0253C2BC20}.Distrib_Nolog|x86.Build.0 = Distrib_Nolog|x64
		{2BF5F329-9550-470D-AC5B-1E0253C2BC20}.Distrib|x64.ActiveCfg = Distrib|x64
		{2BF5F329-9550-470D-AC5B-1E0253C2BC20}.Distrib|x64.Build.0 = Distrib|x64
		{2BF5F329-9550-470D-AC5B-1E0253C2BC20}.Distrib|x86.ActiveCfg = Distrib|x64
		{2BF5F329-9550-470D-AC5B-1E0253C2BC20}.Distrib|x86.Build.0 = Distrib|x64
		{2BF5F329-9550-470D-AC5B-1E0253C2BC20}.MinSizeRel|x64.ActiveCfg = Release|x64
		{2BF5F329-9550-470D-AC5B-1E0253C2BC20}.MinSizeRel|x64.Build.0 = Release|x64
		{2BF5F329-9550-470D-AC5B-1E0253C2BC20}.MinSizeRel|x86.ActiveCfg = Release|x64
		{2BF5F329-9550-470D-AC5B-1E0253C2BC20}.MinSizeRel|x86.Build.0 = Release|x64
		{2BF5F329-9550-470D-AC5B-1E0253C2BC20}.Release|x64.ActiveCfg = Release|x64
		{2BF5F329-9550-470D-AC5B-1E0253C2BC20}.Release|x64.Build.0 = Release|x64
		{2BF5F329-9550-470D-AC5B-1E0253C2BC20}.Release|x86.ActiveCfg = Release|x64
		{2BF5F329-9550-470D-AC5B-1E0253C2BC20}.Release|x86.Build.0 = Release|x64
		{2BF5F329-9550-470D-AC5B-1E0253C2BC20}.RelWithDebInfo|x64.ActiveCfg = Release|x64
		{2BF5F329-9550-470D-AC5B-1E0253C2BC20}.RelWithDebInfo|x64.Build.0 = Release|x64
		{2BF5F329-9550-470D-AC5B-1E0253C2BC20}.RelWithDebInfo|x86.ActiveCfg = Release|x64
		{2BF5F329-9550-470D-AC5B-1E0253C2BC20}.RelWithDebInfo|x86.Build.0 = Release|x64
		{3A4323E7-9DE1-4F77-A00A-826ACB74F7C6}.Debug|x64.ActiveCfg = Debug|x64
		{3A4323E7-9DE1-4F77-A00A-826ACB74F7C6}.Debug|x86.ActiveCfg = Debug|Win32
		{3A4323E7-9DE1-4F77-A00A-826ACB74F7C6}.Debug|x86.Build.0 = Debug|Win32
		{3A4323E7-9DE1-4F77-A00A-826ACB74F7C6}.Distrib_Debug|x64.ActiveCfg = Release|x64
		{3A4323E7-9DE1-4F77-A00A-826ACB74F7C6}.Distrib_Debug|x86.ActiveCfg = Distrib_Debug|Win32
		{3A4323E7-9DE1-4F77-A00A-826ACB74F7C6}.Distrib_Nolog|x64.ActiveCfg = Release|x64
		{3A4323E7-9DE1-4F77-A00A-826ACB74F7C6}.Distrib_Nolog|x86.ActiveCfg = Distrib_Nolog|Win32
		{3A4323E7-9DE1-4F77-A00A-826ACB74F7C6}.Distrib|x64.ActiveCfg = Release|x64
		{3A4323E7-9DE1-4F77-A00A-826ACB74F7C6}.Distrib|x86.ActiveCfg = Distrib|Win32
		{3A4323E7-9DE1-4F77-A00A-826ACB74F7C6}.MinSizeRel|x64.ActiveCfg = Release|x64
		{3A4323E7-9DE1-4F77-A00A-826ACB74F7C6}.MinSizeRel|x86.ActiveCfg = Release|Win32
		{3A4323E7-9DE1-4F77-A00A-826ACB74F7C6}.MinSizeRel|x86.Build.0 = Release|Win32
		{3A4323E7-9DE1-4F77-A00A-826ACB74F7C6}.Release|x64.ActiveCfg = Release|x64
		{3A4323E7-9DE1-4F77-A00A-826ACB74F7C6}.Release|x86.ActiveCfg = Release|Win32
		{3A4323E7-9DE1-4F77-A00A-826ACB74F7C6}.Release|x86.Build.0 = Release|Win32
		{3A4323E7-9DE1-4F77-A00A-826ACB74F7C6}.RelWithDebInfo|x64.ActiveCfg = Release|x64
		{3A4323E7-9DE1-4F77-A00A-826ACB74F7C6}.RelWithDebInfo|x86.ActiveCfg = Release|Win32
		{3A4323E7-9DE1-4F77-A00A-826ACB74F7C6}.RelWithDebInfo|x86.Build.0 = Release|Win32
		{81CE8DAF-EBB2-4761-8E45-B71ABCCA8C68}.Debug|x64.ActiveCfg = Debug|x64
		{81CE8DAF-EBB2-4761-8E45-B71ABCCA8C68}.Debug|x86.ActiveCfg = Debug|Win32
		{81CE8DAF-EBB2-4761-8E45-B71ABCCA8C68}.Debug|x86.Build.0 = Debug|Win32
		{81CE8DAF-EBB2-4761-8E45-B71ABCCA8C68}.Distrib_Debug|x64.ActiveCfg = Release|x64
		{81CE8DAF-EBB2-4761-8E45-B71ABCCA8C68}.Distrib_Debug|x86.ActiveCfg = Distrib_Debug|Win32
		{81CE8DAF-EBB2-4761-8E45-B71ABCCA8C68}.Distrib_Nolog|x64.ActiveCfg = Release|x64
		{81CE8DAF-EBB2-4761-8E45-B71ABCCA8C68}.Distrib_Nolog|x86.ActiveCfg = Distrib_Nolog|Win32
		{81CE8DAF-EBB2-4761-8E45-B71ABCCA8C68}.Distrib|x64.ActiveCfg = Release|x64
		{81CE8DAF-EBB2-4761-8E45-B71ABCCA8C68}.Distrib|x86.ActiveCfg = Distrib|Win32
		{81CE8DAF-EBB2-4761-8E45-B71ABCCA8C68}.MinSizeRel|x64.ActiveCfg = Release|x64
		{81CE8DAF-EBB2-4761-8E45-B71ABCCA8C68}.MinSizeRel|x86.ActiveCfg = Release|Win32
		{81CE8DAF-EBB2-4761-8E45-B71ABCCA8C68}.MinSizeRel|x86.Build.0 = Release|Win32
		{81CE8DAF-EBB2-4761-8E45-B71ABCCA8C68}.Release|x64.ActiveCfg = Release|x64
		{81CE8DAF-EBB2-4761-8E45-B71ABCCA8C68}.Release|x86.ActiveCfg = Release|Win32
		{81CE8DAF-EBB2-4761-8E45-B71ABCCA8C68}.Release|x86.Build.0 = Release|Win32
		{81CE8DAF-EBB2-4761-8E45-B71ABCCA8C68}.RelWithDebInfo|x64.ActiveCfg = Release|x64
		{81CE8DAF-EBB2-4761-8E45-B71ABCCA8C68}.RelWithDebInfo|x86.ActiveCfg = Release|Win32
		{81CE8DAF-EBB2-4761-8E45-B71ABCCA8C68}.RelWithDebInfo|x86.Build.0 = Release|Win32
		{DA956FD3-E142-46F2-9DD5-C78BEBB56B7A}.Debug|x64.ActiveCfg = Debug|x64
		{DA956FD3-E142-46F2-9DD5-C78BEBB56B7A}.Debug|x86.ActiveCfg = Debug|Win32
		{DA956FD3-E142-46F2-9DD5-C78BEBB56B7A}.Debug|x86.Build.0 = Debug|Win32
		{DA956FD3-E142-46F2-9DD5-C78BEBB56B7A}.Distrib_Debug|x64.ActiveCfg = Release|x64
		{DA956FD3-E142-46F2-9DD5-C78BEBB56B7A}.Distrib_Debug|x86.ActiveCfg = Distrib_Debug|Win32
		{DA956FD3-E142-46F2-9DD5-C78BEBB56B7A}.Distrib_Nolog|x64.ActiveCfg = Release|x64
		{DA956FD3-E142-46F2-9DD5-C78BEBB56B7A}.Distrib_Nolog|x86.ActiveCfg = Distrib_Nolog|Win32
		{DA956FD3-E142-46F2-9DD5-C78BEBB56B7A}.Distrib|x64.ActiveCfg = Release|x64
		{DA956FD3-E142-46F2-9DD5-C78BEBB56B7A}.Distrib|x86.ActiveCfg = Distrib|Win32
		{DA956FD3-E142-46F2-9DD5-C78BEBB56B7A}.MinSizeRel|x64.ActiveCfg = Release|x64
		{DA956FD3-E142-46F2-9DD5-C78BEBB56B7A}.MinSizeRel|x86.ActiveCfg = Release|Win32
		{DA956FD3-E142-46F2-9DD5-C78BEBB56B7A}.MinSizeRel|x86.Build.0 = Release|Win32
		{DA956FD3-E142-46F2-9DD5-C78BEBB56B7A}.Release|x64.ActiveCfg = Release|x64
		{DA956FD3-E142-46F2-9DD5-C78BEBB56B7A}.Release|x86.ActiveCfg = Release|Win32
		{DA956FD3-E142-46F2-9DD5-C78BEBB56B7A}.Release|x86.Build.0 = Release|Win32
		{DA956FD3-E142-46F2-9DD5-C78BEBB56B7A}.RelWithDebInfo|x64.ActiveCfg = Release|x64
		{DA956FD3-E142-46F2-9DD5-C78BEBB56B7A}.RelWithDebInfo|x86.ActiveCfg = Release|Win32
		{DA956FD3-E142-46F2-9DD5-C78BEBB56B7A}.RelWithDebInfo|x86.Build.0 = Release|Win32
		{BCD408D3-7EFA-3DE0-9B06-3A415D8B30DD}.Debug|x64.ActiveCfg = Debug|x64
		{BCD408D3-7EFA-3DE0-9B06-3A415D8B30DD}.Debug|x86.ActiveCfg = Debug|x64
		{BCD408D3-7EFA-3DE0-9B06-3A415D8B30DD}.Debug|x86.Build.0 = Debug|x64
		{BCD408D3-7EFA-3DE0-9B06-3A415D8B30DD}.Distrib_Debug|x64.ActiveCfg = Release|x64
		{BCD408D3-7EFA-3DE0-9B06-3A415D8B30DD}.Distrib_Debug|x86.ActiveCfg = Distrib_Debug|x64
		{BCD408D3-7EFA-3DE0-9B06-3A415D8B30DD}.Distrib_Debug|x86.Build.0 = Distrib_Debug|x64
		{BCD408D3-7EFA-3DE0-9B06-3A415D8B30DD}.Distrib_Nolog|x64.ActiveCfg = Release|x64
		{BCD408D3-7EFA-3DE0-9B06-3A415D8B30DD}.Distrib_Nolog|x86.ActiveCfg = Distrib_Nolog|x64
		{BCD408D3-7EFA-3DE0-9B06-3A415D8B30DD}.Distrib_Nolog|x86.Build.0 = Distrib_Nolog|x64
		{BCD408D3-7EFA-3DE0-9B06-3A415D8B30DD}.Distrib|x64.ActiveCfg = Release|x64
		{BCD408D3-7EFA-3DE0-9B06-3A415D8B30DD}.Distrib|x86.ActiveCfg = Distrib|x64
		{BCD408D3-7EFA-3DE0-9B06-3A415D8B30DD}.Distrib|x86.Build.0 = Distrib|x64
		{BCD408D3-7EFA-3DE0-9B06-3A415D8B30DD}.MinSizeRel|x64.ActiveCfg = MinSizeRel|x64
		{BCD408D3-7EFA-3DE0-9B06-3A415D8B30DD}.MinSizeRel|x86.ActiveCfg = MinSizeRel|x64
		{BCD408D3-7EFA-3DE0-9B06-3A415D8B30DD}.MinSizeRel|x86.Build.0 = MinSizeRel|x64
		{BCD408D3-7EFA-3DE0-9B06-3A415D8B30DD}.Release|x64.ActiveCfg = Release|x64
		{BCD408D3-7EFA-3DE0-9B06-3A415D8B30DD}.Release|x86.ActiveCfg = Release|x64
		{BCD408D3-7EFA-3DE0-9B06-3A415D8B30DD}.Release|x86.Build.0 = Release|x64
		{BCD408D3-7EFA-3DE0-9B06-3A415D8B30DD}.RelWithDebInfo|x64.ActiveCfg = RelWithDebInfo|x64
		{BCD408D3-7EFA-3DE0-9B06-3A415D8B30DD}.RelWithDebInfo|x86.ActiveCfg = RelWithDebInfo|x64
		{BCD408D3-7EFA-3DE0-9B06-3A415D8B30DD}.RelWithDebInfo|x86.Build.0 = RelWithDebInfo|x64
		{43CDD619-957B-4008-AD23-6565263DD714}.Debug|x64.ActiveCfg = Debug|x64
		{43CDD619-957B-4008-AD23-6565263DD714}.Debug|x86.ActiveCfg = Debug|Win32
		{43CDD619-957B-4008-AD23-6565263DD714}.Debug|x86.Build.0 = Debug|Win32
		{43CDD619-957B-4008-AD23-6565263DD714}.Distrib_Debug|x64.ActiveCfg = Release|x64
		{43CDD619-957B-4008-AD23-6565263DD714}.Distrib_Debug|x86.ActiveCfg = Distrib_Debug|Win32
		{43CDD619-957B-4008-AD23-6565263DD714}.Distrib_Nolog|x64.ActiveCfg = Release|x64
		{43CDD619-957B-4008-AD23-6565263DD714}.Distrib_Nolog|x86.ActiveCfg = Distrib_Nolog|Win32
		{43CDD619-957B-4008-AD23-6565263DD714}.Distrib|x64.ActiveCfg = Release|x64
		{43CDD619-957B-4008-AD23-6565263DD714}.Distrib|x86.ActiveCfg = Distrib|Win32
		{43CDD619-957B-4008-AD23-6565263DD714}.MinSizeRel|x64.ActiveCfg = Debug|x64
		{43CDD619-957B-4008-AD23-6565263DD714}.MinSizeRel|x86.ActiveCfg = Debug|Win32
		{43CDD619-957B-4008-AD23-6565263DD714}.MinSizeRel|x86.Build.0 = Debug|Win32
		{43CDD619-957B-4008-AD23-6565263DD714}.Release|x64.ActiveCfg = Release|x64
		{43CDD619-957B-4008-AD23-6565263DD714}.Release|x86.ActiveCfg = Release|Win32
		{43CDD619-957B-4008-AD23-6565263DD714}.Release|x86.Build.0 = Release|Win32
		{43CDD619-957B-4008-AD23-6565263DD714}.RelWithDebInfo|x64.ActiveCfg = Release|x64
		{43CDD619-957B-4008-AD23-6565263DD714}.RelWithDebInfo|x86.ActiveCfg = Release|Win32
		{43CDD619-957B-4008-AD23-6565263DD714}.RelWithDebInfo|x86.Build.0 = Release|Win32
		{E800A3DD-8BA2-4149-8C69-7185534FA75B}.Debug|x64.ActiveCfg = Debug|x64
		{E800A3DD-8BA2-4149-8C69-7185534FA75B}.Debug|x64.Build.0 = Debug|x64
		{E800A3DD-8BA2-4149-8C69-7185534FA75B}.Debug|x86.ActiveCfg = Debug|Win32
		{E800A3DD-8BA2-4149-8C69-7185534FA75B}.Debug|x86.Build.0 = Debug|Win32
		{E800A3DD-8BA2-4149-8C69-7185534FA75B}.Distrib_Debug|x64.ActiveCfg = Distrib_Debug|x64
		{E800A3DD-8BA2-4149-8C69-7185534FA75B}.Distrib_Debug|x64.Build.0 = Distrib_Debug|x64
		{E800A3DD-8BA2-4149-8C69-7185534FA75B}.Distrib_Debug|x86.ActiveCfg = Distrib_Debug|Win32
		{E800A3DD-8BA2-4149-8C69-7185534FA75B}.Distrib_Debug|x86.Build.0 = Distrib_Debug|Win32
		{E800A3DD-8BA2-4149-8C69-7185534FA75B}.Distrib_Nolog|x64.ActiveCfg = Distrib|x64
		{E800A3DD-8BA2-4149-8C69-7185534FA75B}.Distrib_Nolog|x64.Build.0 = Distrib|x64
		{E800A3DD-8BA2-4149-8C69-7185534FA75B}.Distrib_Nolog|x86.ActiveCfg = Distrib_Nolog|Win32
		{E800A3DD-8BA2-4149-8C69-7185534FA75B}.Distrib_Nolog|x86.Build.0 = Distrib_Nolog|Win32
		{E800A3DD-8BA2-4149-8C69-7185534FA75B}.Distrib|x64.ActiveCfg = Distrib|x64
		{E800A3DD-8BA2-4149-8C69-7185534FA75B}.Distrib|x64.Build.0 = Distrib|x64
		{E800A3DD-8BA2-4149-8C69-7185534FA75B}.Distrib|x86.ActiveCfg = Distrib|Win32
		{E800A3DD-8BA2-4149-8C69-7185534FA75B}.Distrib|x86.Build.0 = Distrib|Win32
		{E800A3DD-8BA2-4149-8C69-7185534FA75B}.MinSizeRel|x64.ActiveCfg = Debug|x64
		{E800A3DD-8BA2-4149-8C69-7185534FA75B}.MinSizeRel|x64.Build.0 = Debug|x64
		{E800A3DD-8BA2-4149-8C69-7185534FA75B}.MinSizeRel|x86.ActiveCfg = Debug|Win32
		{E800A3DD-8BA2-4149-8C69-7185534FA75B}.MinSizeRel|x86.Build.0 = Debug|Win32
		{E800A3DD-8BA2-4149-8C69-7185534FA75B}.Release|x64.ActiveCfg = Release|x64
		{E800A3DD-8BA2-4149-8C69-7185534FA75B}.Release|x64.Build.0 = Release|x64
		{E800A3DD-8BA2-4149-8C69-7185534FA75B}.Release|x86.ActiveCfg = Release|Win32
		{E800A3DD-8BA2-4149-8C69-7185534FA75B}.Release|x86.Build.0 = Release|Win32
		{E800A3DD-8BA2-4149-8C69-7185534FA75B}.RelWithDebInfo|x64.ActiveCfg = Release|x64
		{E800A3DD-8BA2-4149-8C69-7185534FA75B}.RelWithDebInfo|x64.Build.0 = Release|x64
		{E800A3DD-8BA2-4149-8C69-7185534FA75B}.RelWithDebInfo|x86.ActiveCfg = Release|Win32
		{E800A3DD-8BA2-4149-8C69-7185534FA75B}.RelWithDebInfo|x86.Build.0 = Release|Win32
	EndGlobalSection
	GlobalSection(SolutionProperties) = preSolution
		HideSolutionNode = FALSE
	EndGlobalSection
	GlobalSection(ExtensibilityGlobals) = postSolution
		SolutionGuid = {B9B056BB-B6BB-4C3D-9D45-5A3B52A12646}
	EndGlobalSection
EndGlobal
